
Microsoft Visual Studio Solution File, Format Version 12.00
# Visual Studio Version 17
VisualStudioVersion = 17.8.34525.116
MinimumVisualStudioVersion = 10.0.40219.1
Project("{8BC9CEB8-8B4A-11D0-8D11-00A0C91BC942}") = "App", "App\App.vcxproj", "{14403487-5458-48C6-8547-238ECC6A06E1}"
EndProject
Global
	GlobalSection(SolutionConfigurationPlatforms) = preSolution
		Debug|x64 = Debug|x64
		Release|x64 = Release|x64
	EndGlobalSection
	GlobalSection(ProjectConfigurationPlatforms) = postSolution
		{14403487-5458-48C6-8547-238ECC6A06E1}.Debug|x64.ActiveCfg = Debug|x64
		{14403487-5458-48C6-8547-238ECC6A06E1}.Debug|x64.Build.0 = Debug|x64
		{14403487-5458-48C6-8547-238ECC6A06E1}.Release|x64.ActiveCfg = Release|x64
		{14403487-5458-48C6-8547-238ECC6A06E1}.Release|x64.Build.0 = Release|x64
	EndGlobalSection
	GlobalSection(SolutionProperties) = preSolution
		HideSolutionNode = FALSE
	EndGlobalSection
	GlobalSection(ExtensibilityGlobals) = postSolution
		SolutionGuid = {744BC147-4095-4A5C-9158-2C15EA7DC3DE}
	EndGlobalSection
EndGlobal
